
Microsoft Visual Studio Solution File, Format Version 12.00
# Visual Studio 2012
Project("{FAE04EC0-301F-11D3-BF4B-00C04F79EFBC}") = "MultiStageForm", "MultiStageForm\MultiStageForm.csproj", "{D4732A7B-4F29-47B4-B5C3-D2868A8A8B78}"
EndProject
Global
	GlobalSection(SolutionConfigurationPlatforms) = preSolution
		Debug|Any CPU = Debug|Any CPU
		Release|Any CPU = Release|Any CPU
	EndGlobalSection
	GlobalSection(ProjectConfigurationPlatforms) = postSolution
		{D4732A7B-4F29-47B4-B5C3-D2868A8A8B78}.Debug|Any CPU.ActiveCfg = Debug|Any CPU
		{D4732A7B-4F29-47B4-B5C3-D2868A8A8B78}.Debug|Any CPU.Build.0 = Debug|Any CPU
		{D4732A7B-4F29-47B4-B5C3-D2868A8A8B78}.Release|Any CPU.ActiveCfg = Release|Any CPU
		{D4732A7B-4F29-47B4-B5C3-D2868A8A8B78}.Release|Any CPU.Build.0 = Release|Any CPU
	EndGlobalSection
EndGlobal
